<?xml version="1.0" encoding="utf-8"?>
<Project ToolsVersion="4.0" xmlns="http://schemas.microsoft.com/developer/msbuild/2003">
  <ItemGroup>
    <Filter Include="Source Files">
      <UniqueIdentifier>{4FC737F1-C7A5-4376-A066-2A32D752A2FF}</UniqueIdentifier>
      <Extensions>cpp;c;cc;cxx;c++;cppm;ixx;def;odl;idl;hpj;bat;asm;asmx</Extensions>
    </Filter>
    <Filter Include="Header Files">
      <UniqueIdentifier>{93995380-89BD-4b04-88EB-625FBE52EBFB}</UniqueIdentifier>
      <Extensions>h;hh;hpp;hxx;h++;hm;inl;inc;ipp;xsd</Extensions>
    </Filter>
    <Filter Include="Resource Files">
      <UniqueIdentifier>{67DA6AB6-F800-4c08-8B7A-83BB121AAD01}</UniqueIdentifier>
      <Extensions>rc;ico;cur;bmp;dlg;rc2;rct;bin;rgs;gif;jpg;jpeg;jpe;resx;tiff;tif;png;wav;mfcribbon-ms</Extensions>
    </Filter>
  </ItemGroup>
  <ItemGroup>
    <ClInclude Include="src\Bite\Module\BiteModule.h">
      <Filter>Header Files</Filter>
    </ClInclude>
    <ClInclude Include="src\Bite\Core\Symbols.h">
      <Filter>Header Files</Filter>
    </ClInclude>
    <ClInclude Include="src\Bite\GUI\Module\GUIModule.h">
      <Filter>Header Files</Filter>
    </ClInclude>
    <ClInclude Include="src\Bite\Editor\Session\EditorSession.h">
      <Filter>Header Files</Filter>
    </ClInclude>
    <ClInclude Include="src\Bite\GUI\Module\MainMenu\MainMenuBarGUIModule.h">
      <Filter>Header Files</Filter>
    </ClInclude>
    <ClInclude Include="src\Bite\GUI\Menu Item\MenuItemTree.h">
      <Filter>Header Files</Filter>
    </ClInclude>
    <ClInclude Include="src\Bite\GUI\Menu Item\MenuItemGeneration.h">
      <Filter>Header Files</Filter>
    </ClInclude>
    <ClInclude Include="src\Bite\GUI\Menu Item\MenuItemLayout.h">
      <Filter>Header Files</Filter>
    </ClInclude>
    <ClInclude Include="src\Bite\GUI\Module\MainMenu\Templates\MainMenuItemTemplates.h">
      <Filter>Header Files</Filter>
    </ClInclude>
    <ClInclude Include="src\Bite\GUI\Module\Window\WindowLayout.h">
      <Filter>Header Files</Filter>
    </ClInclude>
    <ClInclude Include="src\Bite\GUI\Module\Window\WindowLayoutGeneration.h">
      <Filter>Header Files</Filter>
    </ClInclude>
    <ClInclude Include="src\Bite\GUI\Module\Window\Templates\WorldObserverGUIWindow.h">
      <Filter>Header Files</Filter>
    </ClInclude>
    <ClInclude Include="src\Bite\GUI\Module\Window\GUIWindowManager.h">
      <Filter>Header Files</Filter>
    </ClInclude>
    <ClInclude Include="src\Bite\GUI\Module\Window\WindowGUIModule.h">
      <Filter>Header Files</Filter>
    </ClInclude>
  </ItemGroup>
  <ItemGroup>
    <ClCompile Include="src\Bite\Module\BiteModule.cpp">
      <Filter>Source Files</Filter>
    </ClCompile>
    <ClCompile Include="src\Bite\GUI\Module\GUIModule.cpp">
      <Filter>Source Files</Filter>
    </ClCompile>
    <ClCompile Include="src\Bite\Editor\Session\EditorSession.cpp">
      <Filter>Source Files</Filter>
    </ClCompile>
    <ClCompile Include="src\Bite\GUI\Module\MainMenu\MainMenuBarGUIModule.cpp">
      <Filter>Source Files</Filter>
    </ClCompile>
    <ClCompile Include="src\Bite\GUI\Menu Item\MenuItemTree.cpp">
      <Filter>Source Files</Filter>
    </ClCompile>
    <ClCompile Include="src\Bite\GUI\Menu Item\MenuItemGeneration.cpp">
      <Filter>Source Files</Filter>
    </ClCompile>
    <ClCompile Include="src\Bite\GUI\Menu Item\MenuItemLayout.cpp">
      <Filter>Source Files</Filter>
    </ClCompile>
    <ClCompile Include="src\Bite\GUI\Module\Window\WindowLayout.cpp">
      <Filter>Source Files</Filter>
    </ClCompile>
    <ClCompile Include="src\Bite\GUI\Module\Window\WindowLayoutGeneration.cpp">
      <Filter>Source Files</Filter>
    </ClCompile>
    <ClCompile Include="src\Bite\GUI\Module\Window\Templates\WorldObserverGUIWindow.cpp">
      <Filter>Source Files</Filter>
    </ClCompile>
    <ClCompile Include="src\Bite\GUI\Module\Window\GUIWindowManager.cpp">
      <Filter>Source Files</Filter>
    </ClCompile>
    <ClCompile Include="src\Bite\GUI\Module\Window\WindowGUIModule.cpp">
      <Filter>Source Files</Filter>
    </ClCompile>
  </ItemGroup>
</Project>