<?xml version="1.0" encoding="utf-8"?>
<Project ToolsVersion="4.0" xmlns="http://schemas.microsoft.com/developer/msbuild/2003">
  <ItemGroup>
    <Filter Include="Source Files">
      <UniqueIdentifier>{4FC737F1-C7A5-4376-A066-2A32D752A2FF}</UniqueIdentifier>
      <Extensions>cpp;c;cc;cxx;c++;cppm;ixx;def;odl;idl;hpj;bat;asm;asmx</Extensions>
    </Filter>
    <Filter Include="Header Files">
      <UniqueIdentifier>{93995380-89BD-4b04-88EB-625FBE52EBFB}</UniqueIdentifier>
      <Extensions>h;hh;hpp;hxx;h++;hm;inl;inc;ipp;xsd</Extensions>
    </Filter>
    <Filter Include="Resource Files">
      <UniqueIdentifier>{67DA6AB6-F800-4c08-8B7A-83BB121AAD01}</UniqueIdentifier>
      <Extensions>rc;ico;cur;bmp;dlg;rc2;rct;bin;rgs;gif;jpg;jpeg;jpe;resx;tiff;tif;png;wav;mfcribbon-ms</Extensions>
    </Filter>
  </ItemGroup>
  <ItemGroup>
    <ClInclude Include="src\Rudy\Mathematics\Vector2f.h">
      <Filter>Header Files</Filter>
    </ClInclude>
    <ClInclude Include="src\Rudy\Core\Symbols.h">
      <Filter>Header Files</Filter>
    </ClInclude>
    <ClInclude Include="src\Rudy\Mathematics\Vector2i.h">
      <Filter>Header Files</Filter>
    </ClInclude>
    <ClInclude Include="src\Rudy\Application\Application.h">
      <Filter>Header Files</Filter>
    </ClInclude>
    <ClInclude Include="src\Rudy\Memory\String.h">
      <Filter>Header Files</Filter>
    </ClInclude>
    <ClInclude Include="src\Rudy\Windowing\WindowCreateParameters.h">
      <Filter>Header Files</Filter>
    </ClInclude>
    <ClInclude Include="src\Rudy\Windowing\Window.h">
      <Filter>Header Files</Filter>
    </ClInclude>
    <ClInclude Include="src\Rudy\Events\Event.h">
      <Filter>Header Files</Filter>
    </ClInclude>
    <ClInclude Include="src\Rudy\Events\EventType.h">
      <Filter>Header Files</Filter>
    </ClInclude>
    <ClInclude Include="src\Rudy\Events\Keyboard\KeyboardKeyEvent.h">
      <Filter>Header Files</Filter>
    </ClInclude>
    <ClInclude Include="src\Rudy\Events\Keyboard\KeyboardKeyDownEvent.h">
      <Filter>Header Files</Filter>
    </ClInclude>
    <ClInclude Include="src\Rudy\Events\Keyboard\KeyboardKeyReleasedEvent.h">
      <Filter>Header Files</Filter>
    </ClInclude>
    <ClInclude Include="src\Rudy\Events\EventDispatcher.h">
      <Filter>Header Files</Filter>
    </ClInclude>
    <ClInclude Include="src\Rudy\Events\Window\WindowResizedEvent.h">
      <Filter>Header Files</Filter>
    </ClInclude>
    <ClInclude Include="src\Rudy\Events\Window\WindowClosedEvent.h">
      <Filter>Header Files</Filter>
    </ClInclude>
    <ClInclude Include="src\Rudy\Mathematics\Vector3f.h">
      <Filter>Header Files</Filter>
    </ClInclude>
    <ClInclude Include="src\Rudy\Mathematics\Vector3i.h">
      <Filter>Header Files</Filter>
    </ClInclude>
    <ClInclude Include="src\Rudy\Memory\Array.h">
      <Filter>Header Files</Filter>
    </ClInclude>
    <ClInclude Include="src\Rudy\Core\Events.h">
      <Filter>Header Files</Filter>
    </ClInclude>
    <ClInclude Include="src\Rudy\Events\Delegate.h">
      <Filter>Header Files</Filter>
    </ClInclude>
    <ClInclude Include="src\Rudy\Platform\OS\Windows\Window\WindowsWindow.h">
      <Filter>Header Files</Filter>
    </ClInclude>
    <ClInclude Include="src\Rudy\Platform\OS\PlatformOSType.h">
      <Filter>Header Files</Filter>
    </ClInclude>
    <ClInclude Include="src\Rudy\Platform\OS\PlatformOSDetection.h">
      <Filter>Header Files</Filter>
    </ClInclude>
    <ClInclude Include="src\Rudy\Platform\Graphics\GraphicsAPIType.h">
      <Filter>Header Files</Filter>
    </ClInclude>
    <ClInclude Include="src\Rudy\Application\ApplicationModule.h">
      <Filter>Header Files</Filter>
    </ClInclude>
    <ClInclude Include="src\Rudy\Core\Assertion.h">
      <Filter>Header Files</Filter>
    </ClInclude>
    <ClInclude Include="src\Rudy\Events\Window\WindowOffsetEvent.h">
      <Filter>Header Files</Filter>
    </ClInclude>
    <ClInclude Include="src\Rudy\Events\Mouse\MouseButtonEvent.h">
      <Filter>Header Files</Filter>
    </ClInclude>
    <ClInclude Include="src\Rudy\Events\Mouse\MouseButtonDownEvent.h">
      <Filter>Header Files</Filter>
    </ClInclude>
    <ClInclude Include="src\Rudy\Events\Mouse\MouseButtonUpEvent.h">
      <Filter>Header Files</Filter>
    </ClInclude>
    <ClInclude Include="src\Rudy\Events\Mouse\MouseScrolledEvent.h">
      <Filter>Header Files</Filter>
    </ClInclude>
    <ClInclude Include="src\Rudy\Events\Mouse\MousePositionChangedEvent.h">
      <Filter>Header Files</Filter>
    </ClInclude>
    <ClInclude Include="src\Rudy\Graphics\Device\GraphicsDevice.h">
      <Filter>Header Files</Filter>
    </ClInclude>
    <ClInclude Include="src\Rudy\Platform\Graphics\OpenGL\Device\OpenGLGraphicsDevice.h">
      <Filter>Header Files</Filter>
    </ClInclude>
    <ClInclude Include="src\Rudy\Graphics\Buffer\IndexBuffer.h">
      <Filter>Header Files</Filter>
    </ClInclude>
    <ClInclude Include="src\Rudy\Graphics\Device\GraphicsDeviceObject.h">
      <Filter>Header Files</Filter>
    </ClInclude>
    <ClInclude Include="src\Rudy\Platform\Graphics\OpenGL\Buffer\OpenGLIndexBuffer.h">
      <Filter>Header Files</Filter>
    </ClInclude>
    <ClInclude Include="src\Rudy\Graphics\Command\CommandBuffer.h">
      <Filter>Header Files</Filter>
    </ClInclude>
    <ClInclude Include="src\Rudy\Graphics\Texture\Texture.h">
      <Filter>Header Files</Filter>
    </ClInclude>
    <ClInclude Include="src\Rudy\Graphics\Texture\TextureDataType.h">
      <Filter>Header Files</Filter>
    </ClInclude>
    <ClInclude Include="src\Rudy\Graphics\Texture\TextureFormat.h">
      <Filter>Header Files</Filter>
    </ClInclude>
    <ClInclude Include="src\Rudy\Graphics\Texture\TextureInternalFormat.h">
      <Filter>Header Files</Filter>
    </ClInclude>
    <ClInclude Include="src\Rudy\Graphics\Texture\TextureMinFilter.h">
      <Filter>Header Files</Filter>
    </ClInclude>
    <ClInclude Include="src\Rudy\Graphics\Texture\TextureMagFilter.h">
      <Filter>Header Files</Filter>
    </ClInclude>
    <ClInclude Include="src\Rudy\Graphics\Texture\TextureWrapMode.h">
      <Filter>Header Files</Filter>
    </ClInclude>
    <ClInclude Include="src\Rudy\Graphics\Texture\Texture2D.h">
      <Filter>Header Files</Filter>
    </ClInclude>
    <ClInclude Include="src\Rudy\Platform\Graphics\OpenGL\Texture\OpenGLTexture2D.h">
      <Filter>Header Files</Filter>
    </ClInclude>
    <ClInclude Include="src\Rudy\Platform\Graphics\OpenGL\Texture\OpenGLTextureFormatConversions.h">
      <Filter>Header Files</Filter>
    </ClInclude>
    <ClInclude Include="src\Rudy\Graphics\Buffer\VertexLayoutDataType.h">
      <Filter>Header Files</Filter>
    </ClInclude>
    <ClInclude Include="src\Rudy\Graphics\Buffer\VertexLayoutElement.h">
      <Filter>Header Files</Filter>
    </ClInclude>
    <ClInclude Include="src\Rudy\Graphics\Buffer\VertexLayout.h">
      <Filter>Header Files</Filter>
    </ClInclude>
    <ClInclude Include="src\Rudy\Graphics\Buffer\VertexBuffer.h">
      <Filter>Header Files</Filter>
    </ClInclude>
    <ClInclude Include="src\Rudy\Platform\Graphics\OpenGL\Buffer\OpenGLVertexBuffer.h">
      <Filter>Header Files</Filter>
    </ClInclude>
    <ClInclude Include="src\Rudy\Platform\Graphics\OpenGL\Buffer\OpenGLVertexDataTypeConversions.h">
      <Filter>Header Files</Filter>
    </ClInclude>
    <ClInclude Include="src\Rudy\Graphics\Command\RenderCommand.h">
      <Filter>Header Files</Filter>
    </ClInclude>
    <ClInclude Include="src\Rudy\Platform\Graphics\OpenGL\Texture\OpenGLTextureInternalFormatConversions.h">
      <Filter>Header Files</Filter>
    </ClInclude>
    <ClInclude Include="src\Rudy\Platform\Graphics\OpenGL\Texture\OpenGLTextureDataTypeConversions.h">
      <Filter>Header Files</Filter>
    </ClInclude>
    <ClInclude Include="src\Rudy\Platform\Graphics\OpenGL\Texture\OpenGLTextureMinFilterConversions.h">
      <Filter>Header Files</Filter>
    </ClInclude>
    <ClInclude Include="src\Rudy\Platform\Graphics\OpenGL\Texture\OpenGLTextureMagFilterConversions.h">
      <Filter>Header Files</Filter>
    </ClInclude>
    <ClInclude Include="src\Rudy\Platform\Graphics\OpenGL\Texture\OpenGLTextureWrapModeConversions.h">
      <Filter>Header Files</Filter>
    </ClInclude>
    <ClInclude Include="src\Rudy\Graphics\Shader\ShaderStage.h">
      <Filter>Header Files</Filter>
    </ClInclude>
    <ClInclude Include="src\Rudy\Graphics\Shader\ShaderParameterType.h">
      <Filter>Header Files</Filter>
    </ClInclude>
    <ClInclude Include="src\Rudy\Graphics\Shader\Shader.h">
      <Filter>Header Files</Filter>
    </ClInclude>
    <ClInclude Include="src\Rudy\Graphics\Shader\ShaderProgram.h">
      <Filter>Header Files</Filter>
    </ClInclude>
    <ClInclude Include="src\Rudy\Platform\Graphics\OpenGL\Shader\OpenGLShaderStageConversions.h">
      <Filter>Header Files</Filter>
    </ClInclude>
    <ClInclude Include="src\Rudy\Platform\Graphics\OpenGL\Shader\OpenGLShader.h">
      <Filter>Header Files</Filter>
    </ClInclude>
    <ClInclude Include="src\Rudy\Platform\Graphics\OpenGL\Shader\OpenGLShaderProgram.h">
      <Filter>Header Files</Filter>
    </ClInclude>
    <ClInclude Include="src\Rudy\Graphics\Pipeline\BlendEquation.h">
      <Filter>Header Files</Filter>
    </ClInclude>
    <ClInclude Include="src\Rudy\Graphics\Pipeline\BlendFunction.h">
      <Filter>Header Files</Filter>
    </ClInclude>
    <ClInclude Include="src\Rudy\Graphics\Pipeline\CullFace.h">
      <Filter>Header Files</Filter>
    </ClInclude>
    <ClInclude Include="src\Rudy\Graphics\Pipeline\DepthFunction.h">
      <Filter>Header Files</Filter>
    </ClInclude>
    <ClInclude Include="src\Rudy\Graphics\Pipeline\FrontFace.h">
      <Filter>Header Files</Filter>
    </ClInclude>
    <ClInclude Include="src\Rudy\Graphics\Pipeline\PipelineState.h">
      <Filter>Header Files</Filter>
    </ClInclude>
    <ClInclude Include="src\Rudy\Graphics\Pipeline\SurfaceShadeMode.h">
      <Filter>Header Files</Filter>
    </ClInclude>
    <ClInclude Include="src\Rudy\Graphics\Framebuffer\FramebufferAttachmentCreateParameters.h">
      <Filter>Header Files</Filter>
    </ClInclude>
    <ClInclude Include="src\Rudy\Graphics\Framebuffer\FramebufferAttachment.h">
      <Filter>Header Files</Filter>
    </ClInclude>
    <ClInclude Include="src\Rudy\Graphics\Framebuffer\Framebuffer.h">
      <Filter>Header Files</Filter>
    </ClInclude>
  </ItemGroup>
  <ItemGroup>
    <ClCompile Include="src\Rudy\Mathematics\Vector2f.cpp">
      <Filter>Source Files</Filter>
    </ClCompile>
    <ClCompile Include="src\Rudy\Mathematics\Vector2i.cpp">
      <Filter>Source Files</Filter>
    </ClCompile>
    <ClCompile Include="src\Rudy\Application\Application.cpp">
      <Filter>Source Files</Filter>
    </ClCompile>
    <ClCompile Include="src\Rudy\Memory\String.cpp">
      <Filter>Source Files</Filter>
    </ClCompile>
    <ClCompile Include="src\Rudy\Windowing\Window.cpp">
      <Filter>Source Files</Filter>
    </ClCompile>
    <ClCompile Include="src\Rudy\Events\Event.cpp">
      <Filter>Source Files</Filter>
    </ClCompile>
    <ClCompile Include="src\Rudy\Events\Keyboard\KeyboardKeyEvent.cpp">
      <Filter>Source Files</Filter>
    </ClCompile>
    <ClCompile Include="src\Rudy\Events\Keyboard\KeyboardKeyDownEvent.cpp">
      <Filter>Source Files</Filter>
    </ClCompile>
    <ClCompile Include="src\Rudy\Events\Keyboard\KeyboardKeyReleasedEvent.cpp">
      <Filter>Source Files</Filter>
    </ClCompile>
    <ClCompile Include="src\Rudy\Events\Window\WindowResizedEvent.cpp">
      <Filter>Source Files</Filter>
    </ClCompile>
    <ClCompile Include="src\Rudy\Events\Window\WindowClosedEvent.cpp">
      <Filter>Source Files</Filter>
    </ClCompile>
    <ClCompile Include="src\Rudy\Mathematics\Vector3f.cpp">
      <Filter>Source Files</Filter>
    </ClCompile>
    <ClCompile Include="src\Rudy\Mathematics\Vector3i.cpp">
      <Filter>Source Files</Filter>
    </ClCompile>
    <ClCompile Include="src\Rudy\Events\Delegate.cpp">
      <Filter>Source Files</Filter>
    </ClCompile>
    <ClCompile Include="src\Rudy\Platform\OS\Windows\Window\WindowsWindow.cpp">
      <Filter>Source Files</Filter>
    </ClCompile>
    <ClCompile Include="src\Rudy\Application\ApplicationModule.cpp">
      <Filter>Source Files</Filter>
    </ClCompile>
    <ClCompile Include="src\Rudy\Events\Window\WindowOffsetEvent.cpp">
      <Filter>Source Files</Filter>
    </ClCompile>
    <ClCompile Include="src\Rudy\Events\Mouse\MouseButtonEvent.cpp">
      <Filter>Source Files</Filter>
    </ClCompile>
    <ClCompile Include="src\Rudy\Events\Mouse\MouseButtonDownEvent.cpp">
      <Filter>Source Files</Filter>
    </ClCompile>
    <ClCompile Include="src\Rudy\Events\Mouse\MouseButtonUpEvent.cpp">
      <Filter>Source Files</Filter>
    </ClCompile>
    <ClCompile Include="src\Rudy\Events\Mouse\MouseScrolledEvent.cpp">
      <Filter>Source Files</Filter>
    </ClCompile>
    <ClCompile Include="src\Rudy\Events\Mouse\MousePositionChangedEvent.cpp">
      <Filter>Source Files</Filter>
    </ClCompile>
    <ClCompile Include="src\Rudy\Graphics\Device\GraphicsDevice.cpp">
      <Filter>Source Files</Filter>
    </ClCompile>
    <ClCompile Include="src\Rudy\Platform\Graphics\OpenGL\Device\OpenGLGraphicsDevice.cpp">
      <Filter>Source Files</Filter>
    </ClCompile>
    <ClCompile Include="src\Rudy\Graphics\Buffer\IndexBuffer.cpp">
      <Filter>Source Files</Filter>
    </ClCompile>
    <ClCompile Include="src\Rudy\Graphics\Device\GraphicsDeviceObject.cpp">
      <Filter>Source Files</Filter>
    </ClCompile>
    <ClCompile Include="src\Rudy\Platform\Graphics\OpenGL\Buffer\OpenGLIndexBuffer.cpp">
      <Filter>Source Files</Filter>
    </ClCompile>
    <ClCompile Include="src\Rudy\Graphics\Command\CommandBuffer.cpp">
      <Filter>Source Files</Filter>
    </ClCompile>
    <ClCompile Include="src\Rudy\Graphics\Texture\Texture.cpp">
      <Filter>Source Files</Filter>
    </ClCompile>
    <ClCompile Include="src\Rudy\Graphics\Texture\Texture2D.cpp">
      <Filter>Source Files</Filter>
    </ClCompile>
    <ClCompile Include="src\Rudy\Platform\Graphics\OpenGL\Texture\OpenGLTexture2D.cpp">
      <Filter>Source Files</Filter>
    </ClCompile>
    <ClCompile Include="src\Rudy\Platform\Graphics\OpenGL\Texture\OpenGLTextureFormatConversions.cpp">
      <Filter>Source Files</Filter>
    </ClCompile>
    <ClCompile Include="src\Rudy\Graphics\Buffer\VertexLayoutElement.cpp">
      <Filter>Source Files</Filter>
    </ClCompile>
    <ClCompile Include="src\Rudy\Graphics\Buffer\VertexLayout.cpp">
      <Filter>Source Files</Filter>
    </ClCompile>
    <ClCompile Include="src\Rudy\Graphics\Buffer\VertexBuffer.cpp">
      <Filter>Source Files</Filter>
    </ClCompile>
    <ClCompile Include="src\Rudy\Platform\Graphics\OpenGL\Buffer\OpenGLVertexBuffer.cpp">
      <Filter>Source Files</Filter>
    </ClCompile>
    <ClCompile Include="src\Rudy\Platform\Graphics\OpenGL\Buffer\OpenGLVertexDataTypeConversions.cpp">
      <Filter>Source Files</Filter>
    </ClCompile>
    <ClCompile Include="src\Rudy\Platform\Graphics\OpenGL\Texture\OpenGLTextureInternalFormatConversions.cpp">
      <Filter>Source Files</Filter>
    </ClCompile>
    <ClCompile Include="src\Rudy\Platform\Graphics\OpenGL\Texture\OpenGLTextureDataTypeConversions.cpp">
      <Filter>Source Files</Filter>
    </ClCompile>
    <ClCompile Include="src\Rudy\Platform\Graphics\OpenGL\Texture\OpenGLTextureMinFilterConversions.cpp">
      <Filter>Source Files</Filter>
    </ClCompile>
    <ClCompile Include="src\Rudy\Platform\Graphics\OpenGL\Texture\OpenGLTextureMagFilterConversions.cpp">
      <Filter>Source Files</Filter>
    </ClCompile>
    <ClCompile Include="src\Rudy\Platform\Graphics\OpenGL\Texture\OpenGLTextureWrapModeConversions.cpp">
      <Filter>Source Files</Filter>
    </ClCompile>
    <ClCompile Include="src\Rudy\Graphics\Shader\Shader.cpp">
      <Filter>Source Files</Filter>
    </ClCompile>
    <ClCompile Include="src\Rudy\Graphics\Shader\ShaderProgram.cpp">
      <Filter>Source Files</Filter>
    </ClCompile>
    <ClCompile Include="src\Rudy\Platform\Graphics\OpenGL\Shader\OpenGLShaderStageConversions.cpp">
      <Filter>Source Files</Filter>
    </ClCompile>
    <ClCompile Include="src\Rudy\Platform\Graphics\OpenGL\Shader\OpenGLShader.cpp">
      <Filter>Source Files</Filter>
    </ClCompile>
    <ClCompile Include="src\Rudy\Platform\Graphics\OpenGL\Shader\OpenGLShaderProgram.cpp">
      <Filter>Source Files</Filter>
    </ClCompile>
    <ClCompile Include="src\Rudy\Graphics\Pipeline\PipelineState.cpp">
      <Filter>Source Files</Filter>
    </ClCompile>
    <ClCompile Include="src\Rudy\Graphics\Framebuffer\FramebufferAttachmentCreateParameters.cpp">
      <Filter>Source Files</Filter>
    </ClCompile>
    <ClCompile Include="src\Rudy\Graphics\Framebuffer\FramebufferAttachment.cpp">
      <Filter>Source Files</Filter>
    </ClCompile>
    <ClCompile Include="src\Rudy\Graphics\Framebuffer\Framebuffer.cpp">
      <Filter>Source Files</Filter>
    </ClCompile>
  </ItemGroup>
</Project>